// !$*UTF8*$!
{
	archiveVersion = 1;
	classes = {
	};
	objectVersion = 46;
	objects = {

/* Begin PBXBuildFile section */
		4F0B35941BC9F21B0004B7E8 /* Worker.swift in Sources */ = {isa = PBXBuildFile; fileRef = 4F0B35931BC9F21B0004B7E8 /* Worker.swift */; };
		4F0B35971BC9F61D0004B7E8 /* TimelineConstructionWorker.swift in Sources */ = {isa = PBXBuildFile; fileRef = 4F0B35961BC9F61D0004B7E8 /* TimelineConstructionWorker.swift */; };
		4F0B35991BC9FDE00004B7E8 /* Buffer.swift in Sources */ = {isa = PBXBuildFile; fileRef = 4F0B35981BC9FDE00004B7E8 /* Buffer.swift */; };
		4F0B359B1BCA06AF0004B7E8 /* ShadowedUser.swift in Sources */ = {isa = PBXBuildFile; fileRef = 4F0B359A1BCA06AF0004B7E8 /* ShadowedUser.swift */; };
		4F64E5E61BCA0C8F008380A4 /* Tweet.swift in Sources */ = {isa = PBXBuildFile; fileRef = 4F64E5E51BCA0C8F008380A4 /* Tweet.swift */; };
		4F64E5E81BCA1FF3008380A4 /* Notification.swift in Sources */ = {isa = PBXBuildFile; fileRef = 4F64E5E71BCA1FF3008380A4 /* Notification.swift */; };
		4F64E5EA1BCA20C5008380A4 /* Constants.swift in Sources */ = {isa = PBXBuildFile; fileRef = 4F64E5E91BCA20C5008380A4 /* Constants.swift */; };
		4F64E5EC1BCA2474008380A4 /* Session.swift in Sources */ = {isa = PBXBuildFile; fileRef = 4F64E5EB1BCA2474008380A4 /* Session.swift */; };
		4F64E5F11BCACD1A008380A4 /* User.swift in Sources */ = {isa = PBXBuildFile; fileRef = 4F64E5F01BCACD1A008380A4 /* User.swift */; };
		4F64E5F31BCACE80008380A4 /* Extensions.swift in Sources */ = {isa = PBXBuildFile; fileRef = 4F64E5F21BCACE80008380A4 /* Extensions.swift */; };
		4F64E6141BCAD405008380A4 /* Dictionary+Swifter.swift in Sources */ = {isa = PBXBuildFile; fileRef = 4F64E5F51BCAD405008380A4 /* Dictionary+Swifter.swift */; };
		4F64E6151BCAD405008380A4 /* Info.plist in Resources */ = {isa = PBXBuildFile; fileRef = 4F64E5F61BCAD405008380A4 /* Info.plist */; };
		4F64E6161BCAD405008380A4 /* JSON.swift in Sources */ = {isa = PBXBuildFile; fileRef = 4F64E5F71BCAD405008380A4 /* JSON.swift */; };
		4F64E6171BCAD405008380A4 /* Launch Screen.storyboard in Resources */ = {isa = PBXBuildFile; fileRef = 4F64E5F81BCAD405008380A4 /* Launch Screen.storyboard */; };
		4F64E6181BCAD405008380A4 /* NSURL+Swifter.swift in Sources */ = {isa = PBXBuildFile; fileRef = 4F64E5F91BCAD405008380A4 /* NSURL+Swifter.swift */; };
		4F64E6191BCAD405008380A4 /* String+Swifter.swift in Sources */ = {isa = PBXBuildFile; fileRef = 4F64E5FA1BCAD405008380A4 /* String+Swifter.swift */; };
		4F64E61A1BCAD405008380A4 /* Swifter.swift in Sources */ = {isa = PBXBuildFile; fileRef = 4F64E5FD1BCAD405008380A4 /* Swifter.swift */; };
		4F64E61B1BCAD405008380A4 /* SwifterAccountsClient.swift in Sources */ = {isa = PBXBuildFile; fileRef = 4F64E5FE1BCAD405008380A4 /* SwifterAccountsClient.swift */; };
		4F64E61C1BCAD405008380A4 /* SwifterAppOnlyClient.swift in Sources */ = {isa = PBXBuildFile; fileRef = 4F64E5FF1BCAD405008380A4 /* SwifterAppOnlyClient.swift */; };
		4F64E61D1BCAD405008380A4 /* SwifterAuth.swift in Sources */ = {isa = PBXBuildFile; fileRef = 4F64E6001BCAD405008380A4 /* SwifterAuth.swift */; };
		4F64E61E1BCAD405008380A4 /* SwifterClientProtocol.swift in Sources */ = {isa = PBXBuildFile; fileRef = 4F64E6011BCAD405008380A4 /* SwifterClientProtocol.swift */; };
		4F64E61F1BCAD405008380A4 /* SwifterCredential.swift in Sources */ = {isa = PBXBuildFile; fileRef = 4F64E6021BCAD405008380A4 /* SwifterCredential.swift */; };
		4F64E6201BCAD405008380A4 /* SwifterFavorites.swift in Sources */ = {isa = PBXBuildFile; fileRef = 4F64E6031BCAD405008380A4 /* SwifterFavorites.swift */; };
		4F64E6211BCAD405008380A4 /* SwifterFollowers.swift in Sources */ = {isa = PBXBuildFile; fileRef = 4F64E6041BCAD405008380A4 /* SwifterFollowers.swift */; };
		4F64E6221BCAD405008380A4 /* SwifterHelp.swift in Sources */ = {isa = PBXBuildFile; fileRef = 4F64E6051BCAD405008380A4 /* SwifterHelp.swift */; };
		4F64E6231BCAD405008380A4 /* SwifterHTTPRequest.swift in Sources */ = {isa = PBXBuildFile; fileRef = 4F64E6061BCAD405008380A4 /* SwifterHTTPRequest.swift */; };
		4F64E6241BCAD405008380A4 /* SwifterLists.swift in Sources */ = {isa = PBXBuildFile; fileRef = 4F64E6071BCAD405008380A4 /* SwifterLists.swift */; };
		4F64E6251BCAD405008380A4 /* SwifterMessages.swift in Sources */ = {isa = PBXBuildFile; fileRef = 4F64E6081BCAD405008380A4 /* SwifterMessages.swift */; };
		4F64E6261BCAD405008380A4 /* SwifterOAuthClient.swift in Sources */ = {isa = PBXBuildFile; fileRef = 4F64E6091BCAD405008380A4 /* SwifterOAuthClient.swift */; };
		4F64E6271BCAD405008380A4 /* SwifterPlaces.swift in Sources */ = {isa = PBXBuildFile; fileRef = 4F64E60A1BCAD405008380A4 /* SwifterPlaces.swift */; };
		4F64E6281BCAD405008380A4 /* SwifterSavedSearches.swift in Sources */ = {isa = PBXBuildFile; fileRef = 4F64E60B1BCAD405008380A4 /* SwifterSavedSearches.swift */; };
		4F64E6291BCAD405008380A4 /* SwifterSearch.swift in Sources */ = {isa = PBXBuildFile; fileRef = 4F64E60C1BCAD405008380A4 /* SwifterSearch.swift */; };
		4F64E62A1BCAD405008380A4 /* SwifterSpam.swift in Sources */ = {isa = PBXBuildFile; fileRef = 4F64E60D1BCAD405008380A4 /* SwifterSpam.swift */; };
		4F64E62B1BCAD405008380A4 /* SwifterStreaming.swift in Sources */ = {isa = PBXBuildFile; fileRef = 4F64E60E1BCAD405008380A4 /* SwifterStreaming.swift */; };
		4F64E62C1BCAD405008380A4 /* SwifterSuggested.swift in Sources */ = {isa = PBXBuildFile; fileRef = 4F64E60F1BCAD405008380A4 /* SwifterSuggested.swift */; };
		4F64E62D1BCAD405008380A4 /* SwifterTimelines.swift in Sources */ = {isa = PBXBuildFile; fileRef = 4F64E6101BCAD405008380A4 /* SwifterTimelines.swift */; };
		4F64E62E1BCAD405008380A4 /* SwifterTrends.swift in Sources */ = {isa = PBXBuildFile; fileRef = 4F64E6111BCAD405008380A4 /* SwifterTrends.swift */; };
		4F64E62F1BCAD405008380A4 /* SwifterTweets.swift in Sources */ = {isa = PBXBuildFile; fileRef = 4F64E6121BCAD405008380A4 /* SwifterTweets.swift */; };
		4F64E6301BCAD405008380A4 /* SwifterUsers.swift in Sources */ = {isa = PBXBuildFile; fileRef = 4F64E6131BCAD405008380A4 /* SwifterUsers.swift */; };
		4FC3CB2A1BC6EB7B00349E5E /* AppDelegate.swift in Sources */ = {isa = PBXBuildFile; fileRef = 4FC3CB291BC6EB7B00349E5E /* AppDelegate.swift */; };
		4FC3CB2C1BC6EB7B00349E5E /* ViewController.swift in Sources */ = {isa = PBXBuildFile; fileRef = 4FC3CB2B1BC6EB7B00349E5E /* ViewController.swift */; };
		4FC3CB2F1BC6EB7B00349E5E /* Main.storyboard in Resources */ = {isa = PBXBuildFile; fileRef = 4FC3CB2D1BC6EB7B00349E5E /* Main.storyboard */; };
		4FC3CB311BC6EB7B00349E5E /* Images.xcassets in Resources */ = {isa = PBXBuildFile; fileRef = 4FC3CB301BC6EB7B00349E5E /* Images.xcassets */; };
		4FC3CB341BC6EB7B00349E5E /* LaunchScreen.xib in Resources */ = {isa = PBXBuildFile; fileRef = 4FC3CB321BC6EB7B00349E5E /* LaunchScreen.xib */; };
		4FC3CB401BC6EB7B00349E5E /* PeoplePortalTests.swift in Sources */ = {isa = PBXBuildFile; fileRef = 4FC3CB3F1BC6EB7B00349E5E /* PeoplePortalTests.swift */; };
		E9D1D7676E9AC136AC9FD915 /* Pods_PeoplePortal.framework in Frameworks */ = {isa = PBXBuildFile; fileRef = ED0D467B4FE7940138D5EC90 /* Pods_PeoplePortal.framework */; };
/* End PBXBuildFile section */

/* Begin PBXContainerItemProxy section */
		4FC3CB3A1BC6EB7B00349E5E /* PBXContainerItemProxy */ = {
			isa = PBXContainerItemProxy;
			containerPortal = 4FC3CB1C1BC6EB7B00349E5E /* Project object */;
			proxyType = 1;
			remoteGlobalIDString = 4FC3CB231BC6EB7B00349E5E;
			remoteInfo = PeoplePortal;
		};
/* End PBXContainerItemProxy section */

/* Begin PBXFileReference section */
		4F0B35931BC9F21B0004B7E8 /* Worker.swift */ = {isa = PBXFileReference; fileEncoding = 4; lastKnownFileType = sourcecode.swift; path = Worker.swift; sourceTree = "<group>"; };
		4F0B35961BC9F61D0004B7E8 /* TimelineConstructionWorker.swift */ = {isa = PBXFileReference; fileEncoding = 4; lastKnownFileType = sourcecode.swift; path = TimelineConstructionWorker.swift; sourceTree = "<group>"; };
		4F0B35981BC9FDE00004B7E8 /* Buffer.swift */ = {isa = PBXFileReference; fileEncoding = 4; lastKnownFileType = sourcecode.swift; path = Buffer.swift; sourceTree = "<group>"; };
		4F0B359A1BCA06AF0004B7E8 /* ShadowedUser.swift */ = {isa = PBXFileReference; fileEncoding = 4; lastKnownFileType = sourcecode.swift; path = ShadowedUser.swift; sourceTree = "<group>"; };
		4F64E5E51BCA0C8F008380A4 /* Tweet.swift */ = {isa = PBXFileReference; fileEncoding = 4; lastKnownFileType = sourcecode.swift; path = Tweet.swift; sourceTree = "<group>"; };
		4F64E5E71BCA1FF3008380A4 /* Notification.swift */ = {isa = PBXFileReference; fileEncoding = 4; lastKnownFileType = sourcecode.swift; path = Notification.swift; sourceTree = "<group>"; };
		4F64E5E91BCA20C5008380A4 /* Constants.swift */ = {isa = PBXFileReference; fileEncoding = 4; lastKnownFileType = sourcecode.swift; path = Constants.swift; sourceTree = "<group>"; };
		4F64E5EB1BCA2474008380A4 /* Session.swift */ = {isa = PBXFileReference; fileEncoding = 4; lastKnownFileType = sourcecode.swift; path = Session.swift; sourceTree = "<group>"; };
		4F64E5F01BCACD1A008380A4 /* User.swift */ = {isa = PBXFileReference; fileEncoding = 4; lastKnownFileType = sourcecode.swift; path = User.swift; sourceTree = "<group>"; };
		4F64E5F21BCACE80008380A4 /* Extensions.swift */ = {isa = PBXFileReference; fileEncoding = 4; lastKnownFileType = sourcecode.swift; path = Extensions.swift; sourceTree = "<group>"; };
		4F64E5F51BCAD405008380A4 /* Dictionary+Swifter.swift */ = {isa = PBXFileReference; fileEncoding = 4; lastKnownFileType = sourcecode.swift; path = "Dictionary+Swifter.swift"; sourceTree = "<group>"; };
		4F64E5F61BCAD405008380A4 /* Info.plist */ = {isa = PBXFileReference; fileEncoding = 4; lastKnownFileType = text.plist.xml; path = Info.plist; sourceTree = "<group>"; };
		4F64E5F71BCAD405008380A4 /* JSON.swift */ = {isa = PBXFileReference; fileEncoding = 4; lastKnownFileType = sourcecode.swift; path = JSON.swift; sourceTree = "<group>"; };
		4F64E5F81BCAD405008380A4 /* Launch Screen.storyboard */ = {isa = PBXFileReference; fileEncoding = 4; lastKnownFileType = file.storyboard; path = "Launch Screen.storyboard"; sourceTree = "<group>"; };
		4F64E5F91BCAD405008380A4 /* NSURL+Swifter.swift */ = {isa = PBXFileReference; fileEncoding = 4; lastKnownFileType = sourcecode.swift; path = "NSURL+Swifter.swift"; sourceTree = "<group>"; };
		4F64E5FA1BCAD405008380A4 /* String+Swifter.swift */ = {isa = PBXFileReference; fileEncoding = 4; lastKnownFileType = sourcecode.swift; path = "String+Swifter.swift"; sourceTree = "<group>"; };
		4F64E5FB1BCAD405008380A4 /* Swifter-Bridging-Header.h */ = {isa = PBXFileReference; fileEncoding = 4; lastKnownFileType = sourcecode.c.h; path = "Swifter-Bridging-Header.h"; sourceTree = "<group>"; };
		4F64E5FC1BCAD405008380A4 /* Swifter.h */ = {isa = PBXFileReference; fileEncoding = 4; lastKnownFileType = sourcecode.c.h; path = Swifter.h; sourceTree = "<group>"; };
		4F64E5FD1BCAD405008380A4 /* Swifter.swift */ = {isa = PBXFileReference; fileEncoding = 4; lastKnownFileType = sourcecode.swift; path = Swifter.swift; sourceTree = "<group>"; };
		4F64E5FE1BCAD405008380A4 /* SwifterAccountsClient.swift */ = {isa = PBXFileReference; fileEncoding = 4; lastKnownFileType = sourcecode.swift; path = SwifterAccountsClient.swift; sourceTree = "<group>"; };
		4F64E5FF1BCAD405008380A4 /* SwifterAppOnlyClient.swift */ = {isa = PBXFileReference; fileEncoding = 4; lastKnownFileType = sourcecode.swift; path = SwifterAppOnlyClient.swift; sourceTree = "<group>"; };
		4F64E6001BCAD405008380A4 /* SwifterAuth.swift */ = {isa = PBXFileReference; fileEncoding = 4; lastKnownFileType = sourcecode.swift; path = SwifterAuth.swift; sourceTree = "<group>"; };
		4F64E6011BCAD405008380A4 /* SwifterClientProtocol.swift */ = {isa = PBXFileReference; fileEncoding = 4; lastKnownFileType = sourcecode.swift; path = SwifterClientProtocol.swift; sourceTree = "<group>"; };
		4F64E6021BCAD405008380A4 /* SwifterCredential.swift */ = {isa = PBXFileReference; fileEncoding = 4; lastKnownFileType = sourcecode.swift; path = SwifterCredential.swift; sourceTree = "<group>"; };
		4F64E6031BCAD405008380A4 /* SwifterFavorites.swift */ = {isa = PBXFileReference; fileEncoding = 4; lastKnownFileType = sourcecode.swift; path = SwifterFavorites.swift; sourceTree = "<group>"; };
		4F64E6041BCAD405008380A4 /* SwifterFollowers.swift */ = {isa = PBXFileReference; fileEncoding = 4; lastKnownFileType = sourcecode.swift; path = SwifterFollowers.swift; sourceTree = "<group>"; };
		4F64E6051BCAD405008380A4 /* SwifterHelp.swift */ = {isa = PBXFileReference; fileEncoding = 4; lastKnownFileType = sourcecode.swift; path = SwifterHelp.swift; sourceTree = "<group>"; };
		4F64E6061BCAD405008380A4 /* SwifterHTTPRequest.swift */ = {isa = PBXFileReference; fileEncoding = 4; lastKnownFileType = sourcecode.swift; path = SwifterHTTPRequest.swift; sourceTree = "<group>"; };
		4F64E6071BCAD405008380A4 /* SwifterLists.swift */ = {isa = PBXFileReference; fileEncoding = 4; lastKnownFileType = sourcecode.swift; path = SwifterLists.swift; sourceTree = "<group>"; };
		4F64E6081BCAD405008380A4 /* SwifterMessages.swift */ = {isa = PBXFileReference; fileEncoding = 4; lastKnownFileType = sourcecode.swift; path = SwifterMessages.swift; sourceTree = "<group>"; };
		4F64E6091BCAD405008380A4 /* SwifterOAuthClient.swift */ = {isa = PBXFileReference; fileEncoding = 4; lastKnownFileType = sourcecode.swift; path = SwifterOAuthClient.swift; sourceTree = "<group>"; };
		4F64E60A1BCAD405008380A4 /* SwifterPlaces.swift */ = {isa = PBXFileReference; fileEncoding = 4; lastKnownFileType = sourcecode.swift; path = SwifterPlaces.swift; sourceTree = "<group>"; };
		4F64E60B1BCAD405008380A4 /* SwifterSavedSearches.swift */ = {isa = PBXFileReference; fileEncoding = 4; lastKnownFileType = sourcecode.swift; path = SwifterSavedSearches.swift; sourceTree = "<group>"; };
		4F64E60C1BCAD405008380A4 /* SwifterSearch.swift */ = {isa = PBXFileReference; fileEncoding = 4; lastKnownFileType = sourcecode.swift; path = SwifterSearch.swift; sourceTree = "<group>"; };
		4F64E60D1BCAD405008380A4 /* SwifterSpam.swift */ = {isa = PBXFileReference; fileEncoding = 4; lastKnownFileType = sourcecode.swift; path = SwifterSpam.swift; sourceTree = "<group>"; };
		4F64E60E1BCAD405008380A4 /* SwifterStreaming.swift */ = {isa = PBXFileReference; fileEncoding = 4; lastKnownFileType = sourcecode.swift; path = SwifterStreaming.swift; sourceTree = "<group>"; };
		4F64E60F1BCAD405008380A4 /* SwifterSuggested.swift */ = {isa = PBXFileReference; fileEncoding = 4; lastKnownFileType = sourcecode.swift; path = SwifterSuggested.swift; sourceTree = "<group>"; };
		4F64E6101BCAD405008380A4 /* SwifterTimelines.swift */ = {isa = PBXFileReference; fileEncoding = 4; lastKnownFileType = sourcecode.swift; path = SwifterTimelines.swift; sourceTree = "<group>"; };
		4F64E6111BCAD405008380A4 /* SwifterTrends.swift */ = {isa = PBXFileReference; fileEncoding = 4; lastKnownFileType = sourcecode.swift; path = SwifterTrends.swift; sourceTree = "<group>"; };
		4F64E6121BCAD405008380A4 /* SwifterTweets.swift */ = {isa = PBXFileReference; fileEncoding = 4; lastKnownFileType = sourcecode.swift; path = SwifterTweets.swift; sourceTree = "<group>"; };
		4F64E6131BCAD405008380A4 /* SwifterUsers.swift */ = {isa = PBXFileReference; fileEncoding = 4; lastKnownFileType = sourcecode.swift; path = SwifterUsers.swift; sourceTree = "<group>"; };
		4FC3CB241BC6EB7B00349E5E /* PeoplePortal.app */ = {isa = PBXFileReference; explicitFileType = wrapper.application; includeInIndex = 0; path = PeoplePortal.app; sourceTree = BUILT_PRODUCTS_DIR; };
		4FC3CB281BC6EB7B00349E5E /* Info.plist */ = {isa = PBXFileReference; lastKnownFileType = text.plist.xml; path = Info.plist; sourceTree = "<group>"; };
		4FC3CB291BC6EB7B00349E5E /* AppDelegate.swift */ = {isa = PBXFileReference; lastKnownFileType = sourcecode.swift; path = AppDelegate.swift; sourceTree = "<group>"; };
		4FC3CB2B1BC6EB7B00349E5E /* ViewController.swift */ = {isa = PBXFileReference; lastKnownFileType = sourcecode.swift; path = ViewController.swift; sourceTree = "<group>"; };
		4FC3CB2E1BC6EB7B00349E5E /* Base */ = {isa = PBXFileReference; lastKnownFileType = file.storyboard; name = Base; path = Base.lproj/Main.storyboard; sourceTree = "<group>"; };
		4FC3CB301BC6EB7B00349E5E /* Images.xcassets */ = {isa = PBXFileReference; lastKnownFileType = folder.assetcatalog; path = Images.xcassets; sourceTree = "<group>"; };
		4FC3CB331BC6EB7B00349E5E /* Base */ = {isa = PBXFileReference; lastKnownFileType = file.xib; name = Base; path = Base.lproj/LaunchScreen.xib; sourceTree = "<group>"; };
		4FC3CB391BC6EB7B00349E5E /* PeoplePortalTests.xctest */ = {isa = PBXFileReference; explicitFileType = wrapper.cfbundle; includeInIndex = 0; path = PeoplePortalTests.xctest; sourceTree = BUILT_PRODUCTS_DIR; };
		4FC3CB3E1BC6EB7B00349E5E /* Info.plist */ = {isa = PBXFileReference; lastKnownFileType = text.plist.xml; path = Info.plist; sourceTree = "<group>"; };
		4FC3CB3F1BC6EB7B00349E5E /* PeoplePortalTests.swift */ = {isa = PBXFileReference; lastKnownFileType = sourcecode.swift; path = PeoplePortalTests.swift; sourceTree = "<group>"; };
		4FFB01CC1BCB8A540025206F /* PeoplePortal-Bridging-Header.h */ = {isa = PBXFileReference; lastKnownFileType = sourcecode.c.h; path = "PeoplePortal-Bridging-Header.h"; sourceTree = "<group>"; };
		782881734F98C74E3FFC9ECF /* Pods-PeoplePortal.debug.xcconfig */ = {isa = PBXFileReference; includeInIndex = 1; lastKnownFileType = text.xcconfig; name = "Pods-PeoplePortal.debug.xcconfig"; path = "Pods/Target Support Files/Pods-PeoplePortal/Pods-PeoplePortal.debug.xcconfig"; sourceTree = "<group>"; };
		843D76E98556CD64AC4C0110 /* Pods-PeoplePortal.release.xcconfig */ = {isa = PBXFileReference; includeInIndex = 1; lastKnownFileType = text.xcconfig; name = "Pods-PeoplePortal.release.xcconfig"; path = "Pods/Target Support Files/Pods-PeoplePortal/Pods-PeoplePortal.release.xcconfig"; sourceTree = "<group>"; };
		ED0D467B4FE7940138D5EC90 /* Pods_PeoplePortal.framework */ = {isa = PBXFileReference; explicitFileType = wrapper.framework; includeInIndex = 0; path = Pods_PeoplePortal.framework; sourceTree = BUILT_PRODUCTS_DIR; };
/* End PBXFileReference section */

/* Begin PBXFrameworksBuildPhase section */
		4FC3CB211BC6EB7B00349E5E /* Frameworks */ = {
			isa = PBXFrameworksBuildPhase;
			buildActionMask = 2147483647;
			files = (
				E9D1D7676E9AC136AC9FD915 /* Pods_PeoplePortal.framework in Frameworks */,
			);
			runOnlyForDeploymentPostprocessing = 0;
		};
		4FC3CB361BC6EB7B00349E5E /* Frameworks */ = {
			isa = PBXFrameworksBuildPhase;
			buildActionMask = 2147483647;
			files = (
			);
			runOnlyForDeploymentPostprocessing = 0;
		};
/* End PBXFrameworksBuildPhase section */

/* Begin PBXGroup section */
		1D8373938505808FABE428F7 /* Pods */ = {
			isa = PBXGroup;
			children = (
				782881734F98C74E3FFC9ECF /* Pods-PeoplePortal.debug.xcconfig */,
				843D76E98556CD64AC4C0110 /* Pods-PeoplePortal.release.xcconfig */,
			);
			name = Pods;
			sourceTree = "<group>";
		};
		4F0B35951BC9F5F50004B7E8 /* Workers */ = {
			isa = PBXGroup;
			children = (
				4F0B35961BC9F61D0004B7E8 /* TimelineConstructionWorker.swift */,
			);
			name = Workers;
			sourceTree = "<group>";
		};
		4F64E5ED1BCA2782008380A4 /* Model */ = {
			isa = PBXGroup;
			children = (
				4F64E5E51BCA0C8F008380A4 /* Tweet.swift */,
				4F64E5F01BCACD1A008380A4 /* User.swift */,
				4F64E5E71BCA1FF3008380A4 /* Notification.swift */,
			);
			name = Model;
			sourceTree = "<group>";
		};
		4F64E5F41BCAD405008380A4 /* Swifter */ = {
			isa = PBXGroup;
			children = (
				4F64E5F51BCAD405008380A4 /* Dictionary+Swifter.swift */,
				4F64E5F61BCAD405008380A4 /* Info.plist */,
				4F64E5F71BCAD405008380A4 /* JSON.swift */,
				4F64E5F81BCAD405008380A4 /* Launch Screen.storyboard */,
				4F64E5F91BCAD405008380A4 /* NSURL+Swifter.swift */,
				4F64E5FA1BCAD405008380A4 /* String+Swifter.swift */,
				4F64E5FB1BCAD405008380A4 /* Swifter-Bridging-Header.h */,
				4F64E5FC1BCAD405008380A4 /* Swifter.h */,
				4F64E5FD1BCAD405008380A4 /* Swifter.swift */,
				4F64E5FE1BCAD405008380A4 /* SwifterAccountsClient.swift */,
				4F64E5FF1BCAD405008380A4 /* SwifterAppOnlyClient.swift */,
				4F64E6001BCAD405008380A4 /* SwifterAuth.swift */,
				4F64E6011BCAD405008380A4 /* SwifterClientProtocol.swift */,
				4F64E6021BCAD405008380A4 /* SwifterCredential.swift */,
				4F64E6031BCAD405008380A4 /* SwifterFavorites.swift */,
				4F64E6041BCAD405008380A4 /* SwifterFollowers.swift */,
				4F64E6051BCAD405008380A4 /* SwifterHelp.swift */,
				4F64E6061BCAD405008380A4 /* SwifterHTTPRequest.swift */,
				4F64E6071BCAD405008380A4 /* SwifterLists.swift */,
				4F64E6081BCAD405008380A4 /* SwifterMessages.swift */,
				4F64E6091BCAD405008380A4 /* SwifterOAuthClient.swift */,
				4F64E60A1BCAD405008380A4 /* SwifterPlaces.swift */,
				4F64E60B1BCAD405008380A4 /* SwifterSavedSearches.swift */,
				4F64E60C1BCAD405008380A4 /* SwifterSearch.swift */,
				4F64E60D1BCAD405008380A4 /* SwifterSpam.swift */,
				4F64E60E1BCAD405008380A4 /* SwifterStreaming.swift */,
				4F64E60F1BCAD405008380A4 /* SwifterSuggested.swift */,
				4F64E6101BCAD405008380A4 /* SwifterTimelines.swift */,
				4F64E6111BCAD405008380A4 /* SwifterTrends.swift */,
				4F64E6121BCAD405008380A4 /* SwifterTweets.swift */,
				4F64E6131BCAD405008380A4 /* SwifterUsers.swift */,
			);
			path = Swifter;
			sourceTree = "<group>";
		};
		4FC3CB1B1BC6EB7B00349E5E = {
			isa = PBXGroup;
			children = (
				4FC3CB261BC6EB7B00349E5E /* PeoplePortal */,
				4FC3CB3C1BC6EB7B00349E5E /* PeoplePortalTests */,
				4FC3CB251BC6EB7B00349E5E /* Products */,
				1D8373938505808FABE428F7 /* Pods */,
				B2F355566A4069A01167DE9D /* Frameworks */,
			);
			sourceTree = "<group>";
		};
		4FC3CB251BC6EB7B00349E5E /* Products */ = {
			isa = PBXGroup;
			children = (
				4FC3CB241BC6EB7B00349E5E /* PeoplePortal.app */,
				4FC3CB391BC6EB7B00349E5E /* PeoplePortalTests.xctest */,
			);
			name = Products;
			sourceTree = "<group>";
		};
		4FC3CB261BC6EB7B00349E5E /* PeoplePortal */ = {
			isa = PBXGroup;
			children = (
				4F64E5F41BCAD405008380A4 /* Swifter */,
				4FC3CB291BC6EB7B00349E5E /* AppDelegate.swift */,
				4F64E5F21BCACE80008380A4 /* Extensions.swift */,
				4F0B35931BC9F21B0004B7E8 /* Worker.swift */,
				4F0B35981BC9FDE00004B7E8 /* Buffer.swift */,
				4F64E5E91BCA20C5008380A4 /* Constants.swift */,
				4F64E5ED1BCA2782008380A4 /* Model */,
				4F0B359A1BCA06AF0004B7E8 /* ShadowedUser.swift */,
				4F64E5EB1BCA2474008380A4 /* Session.swift */,
				4F0B35951BC9F5F50004B7E8 /* Workers */,
				4FC3CB2B1BC6EB7B00349E5E /* ViewController.swift */,
				4FC3CB2D1BC6EB7B00349E5E /* Main.storyboard */,
				4FC3CB301BC6EB7B00349E5E /* Images.xcassets */,
				4FC3CB321BC6EB7B00349E5E /* LaunchScreen.xib */,
				4FC3CB271BC6EB7B00349E5E /* Supporting Files */,
				4FFB01CC1BCB8A540025206F /* PeoplePortal-Bridging-Header.h */,
			);
			path = PeoplePortal;
			sourceTree = "<group>";
		};
		4FC3CB271BC6EB7B00349E5E /* Supporting Files */ = {
			isa = PBXGroup;
			children = (
				4FC3CB281BC6EB7B00349E5E /* Info.plist */,
			);
			name = "Supporting Files";
			sourceTree = "<group>";
		};
		4FC3CB3C1BC6EB7B00349E5E /* PeoplePortalTests */ = {
			isa = PBXGroup;
			children = (
				4FC3CB3F1BC6EB7B00349E5E /* PeoplePortalTests.swift */,
				4FC3CB3D1BC6EB7B00349E5E /* Supporting Files */,
			);
			path = PeoplePortalTests;
			sourceTree = "<group>";
		};
		4FC3CB3D1BC6EB7B00349E5E /* Supporting Files */ = {
			isa = PBXGroup;
			children = (
				4FC3CB3E1BC6EB7B00349E5E /* Info.plist */,
			);
			name = "Supporting Files";
			sourceTree = "<group>";
		};
		B2F355566A4069A01167DE9D /* Frameworks */ = {
			isa = PBXGroup;
			children = (
				ED0D467B4FE7940138D5EC90 /* Pods_PeoplePortal.framework */,
			);
			name = Frameworks;
			sourceTree = "<group>";
		};
/* End PBXGroup section */

/* Begin PBXNativeTarget section */
		4FC3CB231BC6EB7B00349E5E /* PeoplePortal */ = {
			isa = PBXNativeTarget;
			buildConfigurationList = 4FC3CB431BC6EB7B00349E5E /* Build configuration list for PBXNativeTarget "PeoplePortal" */;
			buildPhases = (
				9F05E5D088D8ED9AB00ACC10 /* Check Pods Manifest.lock */,
				4FC3CB201BC6EB7B00349E5E /* Sources */,
				4FC3CB211BC6EB7B00349E5E /* Frameworks */,
				4FC3CB221BC6EB7B00349E5E /* Resources */,
				52E8B063653E5302CF034F71 /* Embed Pods Frameworks */,
				92F9EA101C0EF2AD0CDE3D37 /* Copy Pods Resources */,
			);
			buildRules = (
			);
			dependencies = (
			);
			name = PeoplePortal;
			productName = PeoplePortal;
			productReference = 4FC3CB241BC6EB7B00349E5E /* PeoplePortal.app */;
			productType = "com.apple.product-type.application";
		};
		4FC3CB381BC6EB7B00349E5E /* PeoplePortalTests */ = {
			isa = PBXNativeTarget;
			buildConfigurationList = 4FC3CB461BC6EB7B00349E5E /* Build configuration list for PBXNativeTarget "PeoplePortalTests" */;
			buildPhases = (
				4FC3CB351BC6EB7B00349E5E /* Sources */,
				4FC3CB361BC6EB7B00349E5E /* Frameworks */,
				4FC3CB371BC6EB7B00349E5E /* Resources */,
			);
			buildRules = (
			);
			dependencies = (
				4FC3CB3B1BC6EB7B00349E5E /* PBXTargetDependency */,
			);
			name = PeoplePortalTests;
			productName = PeoplePortalTests;
			productReference = 4FC3CB391BC6EB7B00349E5E /* PeoplePortalTests.xctest */;
			productType = "com.apple.product-type.bundle.unit-test";
		};
/* End PBXNativeTarget section */

/* Begin PBXProject section */
		4FC3CB1C1BC6EB7B00349E5E /* Project object */ = {
			isa = PBXProject;
			attributes = {
				LastSwiftMigration = 0700;
				LastSwiftUpdateCheck = 0700;
				LastUpgradeCheck = 0700;
				ORGANIZATIONNAME = "Anastasis Germanidis";
				TargetAttributes = {
					4FC3CB231BC6EB7B00349E5E = {
						CreatedOnToolsVersion = 6.4;
					};
					4FC3CB381BC6EB7B00349E5E = {
						CreatedOnToolsVersion = 6.4;
						TestTargetID = 4FC3CB231BC6EB7B00349E5E;
					};
				};
			};
			buildConfigurationList = 4FC3CB1F1BC6EB7B00349E5E /* Build configuration list for PBXProject "PeoplePortal" */;
			compatibilityVersion = "Xcode 3.2";
			developmentRegion = English;
			hasScannedForEncodings = 0;
			knownRegions = (
				en,
				Base,
			);
			mainGroup = 4FC3CB1B1BC6EB7B00349E5E;
			productRefGroup = 4FC3CB251BC6EB7B00349E5E /* Products */;
			projectDirPath = "";
			projectRoot = "";
			targets = (
				4FC3CB231BC6EB7B00349E5E /* PeoplePortal */,
				4FC3CB381BC6EB7B00349E5E /* PeoplePortalTests */,
			);
		};
/* End PBXProject section */

/* Begin PBXResourcesBuildPhase section */
		4FC3CB221BC6EB7B00349E5E /* Resources */ = {
			isa = PBXResourcesBuildPhase;
			buildActionMask = 2147483647;
			files = (
				4F64E6151BCAD405008380A4 /* Info.plist in Resources */,
				4FC3CB2F1BC6EB7B00349E5E /* Main.storyboard in Resources */,
				4FC3CB341BC6EB7B00349E5E /* LaunchScreen.xib in Resources */,
				4F64E6171BCAD405008380A4 /* Launch Screen.storyboard in Resources */,
				4FC3CB311BC6EB7B00349E5E /* Images.xcassets in Resources */,
			);
			runOnlyForDeploymentPostprocessing = 0;
		};
		4FC3CB371BC6EB7B00349E5E /* Resources */ = {
			isa = PBXResourcesBuildPhase;
			buildActionMask = 2147483647;
			files = (
			);
			runOnlyForDeploymentPostprocessing = 0;
		};
/* End PBXResourcesBuildPhase section */

/* Begin PBXShellScriptBuildPhase section */
		52E8B063653E5302CF034F71 /* Embed Pods Frameworks */ = {
			isa = PBXShellScriptBuildPhase;
			buildActionMask = 2147483647;
			files = (
			);
			inputPaths = (
			);
			name = "Embed Pods Frameworks";
			outputPaths = (
			);
			runOnlyForDeploymentPostprocessing = 0;
			shellPath = /bin/sh;
			shellScript = "\"${SRCROOT}/Pods/Target Support Files/Pods-PeoplePortal/Pods-PeoplePortal-frameworks.sh\"\n";
			showEnvVarsInLog = 0;
		};
		92F9EA101C0EF2AD0CDE3D37 /* Copy Pods Resources */ = {
			isa = PBXShellScriptBuildPhase;
			buildActionMask = 2147483647;
			files = (
			);
			inputPaths = (
			);
			name = "Copy Pods Resources";
			outputPaths = (
			);
			runOnlyForDeploymentPostprocessing = 0;
			shellPath = /bin/sh;
			shellScript = "\"${SRCROOT}/Pods/Target Support Files/Pods-PeoplePortal/Pods-PeoplePortal-resources.sh\"\n";
			showEnvVarsInLog = 0;
		};
		9F05E5D088D8ED9AB00ACC10 /* Check Pods Manifest.lock */ = {
			isa = PBXShellScriptBuildPhase;
			buildActionMask = 2147483647;
			files = (
			);
			inputPaths = (
			);
			name = "Check Pods Manifest.lock";
			outputPaths = (
			);
			runOnlyForDeploymentPostprocessing = 0;
			shellPath = /bin/sh;
			shellScript = "diff \"${PODS_ROOT}/../Podfile.lock\" \"${PODS_ROOT}/Manifest.lock\" > /dev/null\nif [[ $? != 0 ]] ; then\n    cat << EOM\nerror: The sandbox is not in sync with the Podfile.lock. Run 'pod install' or update your CocoaPods installation.\nEOM\n    exit 1\nfi\n";
			showEnvVarsInLog = 0;
		};
/* End PBXShellScriptBuildPhase section */

/* Begin PBXSourcesBuildPhase section */
		4FC3CB201BC6EB7B00349E5E /* Sources */ = {
			isa = PBXSourcesBuildPhase;
			buildActionMask = 2147483647;
			files = (
				4F64E6201BCAD405008380A4 /* SwifterFavorites.swift in Sources */,
				4F64E5EC1BCA2474008380A4 /* Session.swift in Sources */,
				4F64E61F1BCAD405008380A4 /* SwifterCredential.swift in Sources */,
				4F64E6161BCAD405008380A4 /* JSON.swift in Sources */,
				4F64E6231BCAD405008380A4 /* SwifterHTTPRequest.swift in Sources */,
				4F64E61D1BCAD405008380A4 /* SwifterAuth.swift in Sources */,
				4FC3CB2C1BC6EB7B00349E5E /* ViewController.swift in Sources */,
				4F0B359B1BCA06AF0004B7E8 /* ShadowedUser.swift in Sources */,
				4F64E6291BCAD405008380A4 /* SwifterSearch.swift in Sources */,
				4F64E62A1BCAD405008380A4 /* SwifterSpam.swift in Sources */,
				4F64E6281BCAD405008380A4 /* SwifterSavedSearches.swift in Sources */,
				4F64E62D1BCAD405008380A4 /* SwifterTimelines.swift in Sources */,
				4F64E6251BCAD405008380A4 /* SwifterMessages.swift in Sources */,
				4F0B35941BC9F21B0004B7E8 /* Worker.swift in Sources */,
				4F64E6191BCAD405008380A4 /* String+Swifter.swift in Sources */,
				4F64E6261BCAD405008380A4 /* SwifterOAuthClient.swift in Sources */,
				4F64E62F1BCAD405008380A4 /* SwifterTweets.swift in Sources */,
				4F64E5E61BCA0C8F008380A4 /* Tweet.swift in Sources */,
				4F64E6211BCAD405008380A4 /* SwifterFollowers.swift in Sources */,
				4F64E62C1BCAD405008380A4 /* SwifterSuggested.swift in Sources */,
				4F64E6271BCAD405008380A4 /* SwifterPlaces.swift in Sources */,
				4F64E6241BCAD405008380A4 /* SwifterLists.swift in Sources */,
				4F64E6301BCAD405008380A4 /* SwifterUsers.swift in Sources */,
				4F64E5E81BCA1FF3008380A4 /* Notification.swift in Sources */,
				4F64E62E1BCAD405008380A4 /* SwifterTrends.swift in Sources */,
				4F0B35971BC9F61D0004B7E8 /* TimelineConstructionWorker.swift in Sources */,
				4F64E61A1BCAD405008380A4 /* Swifter.swift in Sources */,
				4F64E61E1BCAD405008380A4 /* SwifterClientProtocol.swift in Sources */,
				4F64E62B1BCAD405008380A4 /* SwifterStreaming.swift in Sources */,
				4F64E5F31BCACE80008380A4 /* Extensions.swift in Sources */,
				4F0B35991BC9FDE00004B7E8 /* Buffer.swift in Sources */,
				4F64E6181BCAD405008380A4 /* NSURL+Swifter.swift in Sources */,
				4FC3CB2A1BC6EB7B00349E5E /* AppDelegate.swift in Sources */,
				4F64E5EA1BCA20C5008380A4 /* Constants.swift in Sources */,
				4F64E6141BCAD405008380A4 /* Dictionary+Swifter.swift in Sources */,
				4F64E5F11BCACD1A008380A4 /* User.swift in Sources */,
				4F64E61B1BCAD405008380A4 /* SwifterAccountsClient.swift in Sources */,
				4F64E61C1BCAD405008380A4 /* SwifterAppOnlyClient.swift in Sources */,
				4F64E6221BCAD405008380A4 /* SwifterHelp.swift in Sources */,
			);
			runOnlyForDeploymentPostprocessing = 0;
		};
		4FC3CB351BC6EB7B00349E5E /* Sources */ = {
			isa = PBXSourcesBuildPhase;
			buildActionMask = 2147483647;
			files = (
				4FC3CB401BC6EB7B00349E5E /* PeoplePortalTests.swift in Sources */,
			);
			runOnlyForDeploymentPostprocessing = 0;
		};
/* End PBXSourcesBuildPhase section */

/* Begin PBXTargetDependency section */
		4FC3CB3B1BC6EB7B00349E5E /* PBXTargetDependency */ = {
			isa = PBXTargetDependency;
			target = 4FC3CB231BC6EB7B00349E5E /* PeoplePortal */;
			targetProxy = 4FC3CB3A1BC6EB7B00349E5E /* PBXContainerItemProxy */;
		};
/* End PBXTargetDependency section */

/* Begin PBXVariantGroup section */
		4FC3CB2D1BC6EB7B00349E5E /* Main.storyboard */ = {
			isa = PBXVariantGroup;
			children = (
				4FC3CB2E1BC6EB7B00349E5E /* Base */,
			);
			name = Main.storyboard;
			sourceTree = "<group>";
		};
		4FC3CB321BC6EB7B00349E5E /* LaunchScreen.xib */ = {
			isa = PBXVariantGroup;
			children = (
				4FC3CB331BC6EB7B00349E5E /* Base */,
			);
			name = LaunchScreen.xib;
			sourceTree = "<group>";
		};
/* End PBXVariantGroup section */

/* Begin XCBuildConfiguration section */
		4FC3CB411BC6EB7B00349E5E /* Debug */ = {
			isa = XCBuildConfiguration;
			buildSettings = {
				ALWAYS_SEARCH_USER_PATHS = NO;
				CLANG_CXX_LANGUAGE_STANDARD = "gnu++0x";
				CLANG_CXX_LIBRARY = "libc++";
				CLANG_ENABLE_MODULES = YES;
				CLANG_ENABLE_OBJC_ARC = YES;
				CLANG_WARN_BOOL_CONVERSION = YES;
				CLANG_WARN_CONSTANT_CONVERSION = YES;
				CLANG_WARN_DIRECT_OBJC_ISA_USAGE = YES_ERROR;
				CLANG_WARN_EMPTY_BODY = YES;
				CLANG_WARN_ENUM_CONVERSION = YES;
				CLANG_WARN_INT_CONVERSION = YES;
				CLANG_WARN_OBJC_ROOT_CLASS = YES_ERROR;
				CLANG_WARN_UNREACHABLE_CODE = YES;
				CLANG_WARN__DUPLICATE_METHOD_MATCH = YES;
				"CODE_SIGN_IDENTITY[sdk=iphoneos*]" = "iPhone Developer";
				COPY_PHASE_STRIP = NO;
				DEBUG_INFORMATION_FORMAT = "dwarf-with-dsym";
				ENABLE_STRICT_OBJC_MSGSEND = YES;
				ENABLE_TESTABILITY = YES;
				GCC_C_LANGUAGE_STANDARD = gnu99;
				GCC_DYNAMIC_NO_PIC = NO;
				GCC_NO_COMMON_BLOCKS = YES;
				GCC_OPTIMIZATION_LEVEL = 0;
				GCC_PREPROCESSOR_DEFINITIONS = (
					"DEBUG=1",
					"$(inherited)",
				);
				GCC_SYMBOLS_PRIVATE_EXTERN = NO;
				GCC_WARN_64_TO_32_BIT_CONVERSION = YES;
				GCC_WARN_ABOUT_RETURN_TYPE = YES_ERROR;
				GCC_WARN_UNDECLARED_SELECTOR = YES;
				GCC_WARN_UNINITIALIZED_AUTOS = YES_AGGRESSIVE;
				GCC_WARN_UNUSED_FUNCTION = YES;
				GCC_WARN_UNUSED_VARIABLE = YES;
				IPHONEOS_DEPLOYMENT_TARGET = 8.4;
				MTL_ENABLE_DEBUG_INFO = YES;
				ONLY_ACTIVE_ARCH = YES;
				SDKROOT = iphoneos;
				SWIFT_OPTIMIZATION_LEVEL = "-Onone";
			};
			name = Debug;
		};
		4FC3CB421BC6EB7B00349E5E /* Release */ = {
			isa = XCBuildConfiguration;
			buildSettings = {
				ALWAYS_SEARCH_USER_PATHS = NO;
				CLANG_CXX_LANGUAGE_STANDARD = "gnu++0x";
				CLANG_CXX_LIBRARY = "libc++";
				CLANG_ENABLE_MODULES = YES;
				CLANG_ENABLE_OBJC_ARC = YES;
				CLANG_WARN_BOOL_CONVERSION = YES;
				CLANG_WARN_CONSTANT_CONVERSION = YES;
				CLANG_WARN_DIRECT_OBJC_ISA_USAGE = YES_ERROR;
				CLANG_WARN_EMPTY_BODY = YES;
				CLANG_WARN_ENUM_CONVERSION = YES;
				CLANG_WARN_INT_CONVERSION = YES;
				CLANG_WARN_OBJC_ROOT_CLASS = YES_ERROR;
				CLANG_WARN_UNREACHABLE_CODE = YES;
				CLANG_WARN__DUPLICATE_METHOD_MATCH = YES;
				"CODE_SIGN_IDENTITY[sdk=iphoneos*]" = "iPhone Developer";
				COPY_PHASE_STRIP = NO;
				DEBUG_INFORMATION_FORMAT = "dwarf-with-dsym";
				ENABLE_NS_ASSERTIONS = NO;
				ENABLE_STRICT_OBJC_MSGSEND = YES;
				GCC_C_LANGUAGE_STANDARD = gnu99;
				GCC_NO_COMMON_BLOCKS = YES;
				GCC_WARN_64_TO_32_BIT_CONVERSION = YES;
				GCC_WARN_ABOUT_RETURN_TYPE = YES_ERROR;
				GCC_WARN_UNDECLARED_SELECTOR = YES;
				GCC_WARN_UNINITIALIZED_AUTOS = YES_AGGRESSIVE;
				GCC_WARN_UNUSED_FUNCTION = YES;
				GCC_WARN_UNUSED_VARIABLE = YES;
				IPHONEOS_DEPLOYMENT_TARGET = 8.4;
				MTL_ENABLE_DEBUG_INFO = NO;
				SDKROOT = iphoneos;
				VALIDATE_PRODUCT = YES;
			};
			name = Release;
		};
		4FC3CB441BC6EB7B00349E5E /* Debug */ = {
			isa = XCBuildConfiguration;
			baseConfigurationReference = 782881734F98C74E3FFC9ECF /* Pods-PeoplePortal.debug.xcconfig */;
			buildSettings = {
				ASSETCATALOG_COMPILER_APPICON_NAME = AppIcon;
				CLANG_ENABLE_MODULES = YES;
				INFOPLIST_FILE = PeoplePortal/Info.plist;
				LD_RUNPATH_SEARCH_PATHS = "$(inherited) @executable_path/Frameworks";
				PRODUCT_BUNDLE_IDENTIFIER = "com.agermanidis.$(PRODUCT_NAME:rfc1034identifier)";
				PRODUCT_NAME = "$(TARGET_NAME)";
				SWIFT_OBJC_BRIDGING_HEADER = "PeoplePortal/PeoplePortal-Bridging-Header.h";
				SWIFT_OPTIMIZATION_LEVEL = "-Onone";
			};
			name = Debug;
		};
		4FC3CB451BC6EB7B00349E5E /* Release */ = {
			isa = XCBuildConfiguration;
			baseConfigurationReference = 843D76E98556CD64AC4C0110 /* Pods-PeoplePortal.release.xcconfig */;
			buildSettings = {
				ASSETCATALOG_COMPILER_APPICON_NAME = AppIcon;
				CLANG_ENABLE_MODULES = YES;
				INFOPLIST_FILE = PeoplePortal/Info.plist;
				LD_RUNPATH_SEARCH_PATHS = "$(inherited) @executable_path/Frameworks";
				PRODUCT_BUNDLE_IDENTIFIER = "com.agermanidis.$(PRODUCT_NAME:rfc1034identifier)";
				PRODUCT_NAME = "$(TARGET_NAME)";
				SWIFT_OBJC_BRIDGING_HEADER = "PeoplePortal/PeoplePortal-Bridging-Header.h";
			};
			name = Release;
		};
		4FC3CB471BC6EB7B00349E5E /* Debug */ = {
			isa = XCBuildConfiguration;
			buildSettings = {
				BUNDLE_LOADER = "$(TEST_HOST)";
				FRAMEWORK_SEARCH_PATHS = "";
				GCC_PREPROCESSOR_DEFINITIONS = (
					"DEBUG=1",
					"$(inherited)",
				);
				INFOPLIST_FILE = PeoplePortalTests/Info.plist;
				LD_RUNPATH_SEARCH_PATHS = "$(inherited) @executable_path/Frameworks @loader_path/Frameworks";
				PRODUCT_BUNDLE_IDENTIFIER = "com.agermanidis.$(PRODUCT_NAME:rfc1034identifier)";
				PRODUCT_NAME = "$(TARGET_NAME)";
				TEST_HOST = "$(BUILT_PRODUCTS_DIR)/PeoplePortal.app/PeoplePortal";
			};
			name = Debug;
		};
		4FC3CB481BC6EB7B00349E5E /* Release */ = {
			isa = XCBuildConfiguration;
			buildSettings = {
				BUNDLE_LOADER = "$(TEST_HOST)";
				FRAMEWORK_SEARCH_PATHS = "";
				INFOPLIST_FILE = PeoplePortalTests/Info.plist;
				LD_RUNPATH_SEARCH_PATHS = "$(inherited) @executable_path/Frameworks @loader_path/Frameworks";
				PRODUCT_BUNDLE_IDENTIFIER = "com.agermanidis.$(PRODUCT_NAME:rfc1034identifier)";
				PRODUCT_NAME = "$(TARGET_NAME)";
				TEST_HOST = "$(BUILT_PRODUCTS_DIR)/PeoplePortal.app/PeoplePortal";
			};
			name = Release;
		};
/* End XCBuildConfiguration section */

/* Begin XCConfigurationList section */
		4FC3CB1F1BC6EB7B00349E5E /* Build configuration list for PBXProject "PeoplePortal" */ = {
			isa = XCConfigurationList;
			buildConfigurations = (
				4FC3CB411BC6EB7B00349E5E /* Debug */,
				4FC3CB421BC6EB7B00349E5E /* Release */,
			);
			defaultConfigurationIsVisible = 0;
			defaultConfigurationName = Release;
		};
		4FC3CB431BC6EB7B00349E5E /* Build configuration list for PBXNativeTarget "PeoplePortal" */ = {
			isa = XCConfigurationList;
			buildConfigurations = (
				4FC3CB441BC6EB7B00349E5E /* Debug */,
				4FC3CB451BC6EB7B00349E5E /* Release */,
			);
			defaultConfigurationIsVisible = 0;
			defaultConfigurationName = Release;
		};
		4FC3CB461BC6EB7B00349E5E /* Build configuration list for PBXNativeTarget "PeoplePortalTests" */ = {
			isa = XCConfigurationList;
			buildConfigurations = (
				4FC3CB471BC6EB7B00349E5E /* Debug */,
				4FC3CB481BC6EB7B00349E5E /* Release */,
			);
			defaultConfigurationIsVisible = 0;
			defaultConfigurationName = Release;
		};
/* End XCConfigurationList section */
	};
	rootObject = 4FC3CB1C1BC6EB7B00349E5E /* Project object */;
}
