PODS:
  - Async (1.3.1)

DEPENDENCIES:
  - Async (from `https://github.com/duemunk/Async.git`)

EXTERNAL SOURCES:
  Async:
    :git: https://github.com/duemunk/Async.git

CHECKOUT OPTIONS:
  Async:
    :commit: c211a1474ca3481ea2fddba4d2e3d81766ac89c7
    :git: https://github.com/duemunk/Async.git

SPEC CHECKSUMS:
  Async: 88b7eb5cb6d28771e05f0405d48fa4778e804d34

COCOAPODS: 0.39.0
